// !$*UTF8*$!
{
	archiveVersion = 1;
	classes = {
	};
	objectVersion = 46;
	objects = {

/* Begin PBXBuildFile section */
		4589D4E31A3A63AF00ABD2AB /* AppDelegate.swift in Sources */ = {isa = PBXBuildFile; fileRef = 4589D4E21A3A63AF00ABD2AB /* AppDelegate.swift */; };
		4589D4E51A3A63AF00ABD2AB /* ViewController.swift in Sources */ = {isa = PBXBuildFile; fileRef = 4589D4E41A3A63AF00ABD2AB /* ViewController.swift */; };
		4589D4E81A3A63AF00ABD2AB /* Main.storyboard in Resources */ = {isa = PBXBuildFile; fileRef = 4589D4E61A3A63AF00ABD2AB /* Main.storyboard */; };
		4589D4EA1A3A63AF00ABD2AB /* Images.xcassets in Resources */ = {isa = PBXBuildFile; fileRef = 4589D4E91A3A63AF00ABD2AB /* Images.xcassets */; };
		4589D4ED1A3A63AF00ABD2AB /* LaunchScreen.xib in Resources */ = {isa = PBXBuildFile; fileRef = 4589D4EB1A3A63AF00ABD2AB /* LaunchScreen.xib */; };
		4589D4F91A3A63B000ABD2AB /* FormGeneratorTests.swift in Sources */ = {isa = PBXBuildFile; fileRef = 4589D4F81A3A63B000ABD2AB /* FormGeneratorTests.swift */; };
		458C6F1F1A438DCE0002DAC8 /* Coefficients.swift in Sources */ = {isa = PBXBuildFile; fileRef = 458C6F0D1A438DCE0002DAC8 /* Coefficients.swift */; };
		458C6F201A438DCE0002DAC8 /* Compound.swift in Sources */ = {isa = PBXBuildFile; fileRef = 458C6F0E1A438DCE0002DAC8 /* Compound.swift */; };
		458C6F211A438DCE0002DAC8 /* Dimension.swift in Sources */ = {isa = PBXBuildFile; fileRef = 458C6F0F1A438DCE0002DAC8 /* Dimension.swift */; };
		458C6F221A438DCE0002DAC8 /* Edge.swift in Sources */ = {isa = PBXBuildFile; fileRef = 458C6F101A438DCE0002DAC8 /* Edge.swift */; };
		458C6F231A438DCE0002DAC8 /* Edges.swift in Sources */ = {isa = PBXBuildFile; fileRef = 458C6F111A438DCE0002DAC8 /* Edges.swift */; };
		458C6F241A438DCE0002DAC8 /* Expression.swift in Sources */ = {isa = PBXBuildFile; fileRef = 458C6F121A438DCE0002DAC8 /* Expression.swift */; };
		458C6F251A438DCE0002DAC8 /* Info.plist in Resources */ = {isa = PBXBuildFile; fileRef = 458C6F131A438DCE0002DAC8 /* Info.plist */; };
		458C6F261A438DCE0002DAC8 /* Layout.swift in Sources */ = {isa = PBXBuildFile; fileRef = 458C6F141A438DCE0002DAC8 /* Layout.swift */; };
		458C6F271A438DCE0002DAC8 /* LayoutProxy.swift in Sources */ = {isa = PBXBuildFile; fileRef = 458C6F151A438DCE0002DAC8 /* LayoutProxy.swift */; };
		458C6F281A438DCE0002DAC8 /* Point.swift in Sources */ = {isa = PBXBuildFile; fileRef = 458C6F161A438DCE0002DAC8 /* Point.swift */; };
		458C6F291A438DCE0002DAC8 /* Priority.swift in Sources */ = {isa = PBXBuildFile; fileRef = 458C6F171A438DCE0002DAC8 /* Priority.swift */; };
		458C6F2A1A438DCE0002DAC8 /* Property.swift in Sources */ = {isa = PBXBuildFile; fileRef = 458C6F181A438DCE0002DAC8 /* Property.swift */; };
		458C6F2B1A438DCE0002DAC8 /* Size.swift in Sources */ = {isa = PBXBuildFile; fileRef = 458C6F191A438DCE0002DAC8 /* Size.swift */; };
		458C6F2C1A438DCE0002DAC8 /* View.swift in Sources */ = {isa = PBXBuildFile; fileRef = 458C6F1A1A438DCE0002DAC8 /* View.swift */; };
		458C6F2D1A438DCE0002DAC8 /* FormBaseObject.swift in Sources */ = {isa = PBXBuildFile; fileRef = 458C6F1B1A438DCE0002DAC8 /* FormBaseObject.swift */; };
		458C6F2E1A438DCE0002DAC8 /* FormCell.swift in Sources */ = {isa = PBXBuildFile; fileRef = 458C6F1C1A438DCE0002DAC8 /* FormCell.swift */; };
		458C6F2F1A438DCE0002DAC8 /* FormController.swift in Sources */ = {isa = PBXBuildFile; fileRef = 458C6F1D1A438DCE0002DAC8 /* FormController.swift */; };
		458C6F301A438DCE0002DAC8 /* FormProtocolsAndTypes.swift in Sources */ = {isa = PBXBuildFile; fileRef = 458C6F1E1A438DCE0002DAC8 /* FormProtocolsAndTypes.swift */; };
/* End PBXBuildFile section */

/* Begin PBXContainerItemProxy section */
		4589D4F31A3A63B000ABD2AB /* PBXContainerItemProxy */ = {
			isa = PBXContainerItemProxy;
			containerPortal = 4589D4D51A3A63AF00ABD2AB /* Project object */;
			proxyType = 1;
			remoteGlobalIDString = 4589D4DC1A3A63AF00ABD2AB;
			remoteInfo = FormGenerator;
		};
/* End PBXContainerItemProxy section */

/* Begin PBXFileReference section */
		4589D4DD1A3A63AF00ABD2AB /* FormGenerator.app */ = {isa = PBXFileReference; explicitFileType = wrapper.application; includeInIndex = 0; path = FormGenerator.app; sourceTree = BUILT_PRODUCTS_DIR; };
		4589D4E11A3A63AF00ABD2AB /* Info.plist */ = {isa = PBXFileReference; lastKnownFileType = text.plist.xml; path = Info.plist; sourceTree = "<group>"; };
		4589D4E21A3A63AF00ABD2AB /* AppDelegate.swift */ = {isa = PBXFileReference; lastKnownFileType = sourcecode.swift; path = AppDelegate.swift; sourceTree = "<group>"; };
		4589D4E41A3A63AF00ABD2AB /* ViewController.swift */ = {isa = PBXFileReference; lastKnownFileType = sourcecode.swift; path = ViewController.swift; sourceTree = "<group>"; };
		4589D4E71A3A63AF00ABD2AB /* Base */ = {isa = PBXFileReference; lastKnownFileType = file.storyboard; name = Base; path = Base.lproj/Main.storyboard; sourceTree = "<group>"; };
		4589D4E91A3A63AF00ABD2AB /* Images.xcassets */ = {isa = PBXFileReference; lastKnownFileType = folder.assetcatalog; path = Images.xcassets; sourceTree = "<group>"; };
		4589D4EC1A3A63AF00ABD2AB /* Base */ = {isa = PBXFileReference; lastKnownFileType = file.xib; name = Base; path = Base.lproj/LaunchScreen.xib; sourceTree = "<group>"; };
		4589D4F21A3A63B000ABD2AB /* FormGeneratorTests.xctest */ = {isa = PBXFileReference; explicitFileType = wrapper.cfbundle; includeInIndex = 0; path = FormGeneratorTests.xctest; sourceTree = BUILT_PRODUCTS_DIR; };
		4589D4F71A3A63B000ABD2AB /* Info.plist */ = {isa = PBXFileReference; lastKnownFileType = text.plist.xml; path = Info.plist; sourceTree = "<group>"; };
		4589D4F81A3A63B000ABD2AB /* FormGeneratorTests.swift */ = {isa = PBXFileReference; lastKnownFileType = sourcecode.swift; path = FormGeneratorTests.swift; sourceTree = "<group>"; };
		458C6F0C1A438DCE0002DAC8 /* Cartography.h */ = {isa = PBXFileReference; fileEncoding = 4; lastKnownFileType = sourcecode.c.h; path = Cartography.h; sourceTree = "<group>"; };
		458C6F0D1A438DCE0002DAC8 /* Coefficients.swift */ = {isa = PBXFileReference; fileEncoding = 4; lastKnownFileType = sourcecode.swift; path = Coefficients.swift; sourceTree = "<group>"; };
		458C6F0E1A438DCE0002DAC8 /* Compound.swift */ = {isa = PBXFileReference; fileEncoding = 4; lastKnownFileType = sourcecode.swift; path = Compound.swift; sourceTree = "<group>"; };
		458C6F0F1A438DCE0002DAC8 /* Dimension.swift */ = {isa = PBXFileReference; fileEncoding = 4; lastKnownFileType = sourcecode.swift; path = Dimension.swift; sourceTree = "<group>"; };
		458C6F101A438DCE0002DAC8 /* Edge.swift */ = {isa = PBXFileReference; fileEncoding = 4; lastKnownFileType = sourcecode.swift; path = Edge.swift; sourceTree = "<group>"; };
		458C6F111A438DCE0002DAC8 /* Edges.swift */ = {isa = PBXFileReference; fileEncoding = 4; lastKnownFileType = sourcecode.swift; path = Edges.swift; sourceTree = "<group>"; };
		458C6F121A438DCE0002DAC8 /* Expression.swift */ = {isa = PBXFileReference; fileEncoding = 4; lastKnownFileType = sourcecode.swift; path = Expression.swift; sourceTree = "<group>"; };
		458C6F131A438DCE0002DAC8 /* Info.plist */ = {isa = PBXFileReference; fileEncoding = 4; lastKnownFileType = text.plist.xml; path = Info.plist; sourceTree = "<group>"; };
		458C6F141A438DCE0002DAC8 /* Layout.swift */ = {isa = PBXFileReference; fileEncoding = 4; lastKnownFileType = sourcecode.swift; path = Layout.swift; sourceTree = "<group>"; };
		458C6F151A438DCE0002DAC8 /* LayoutProxy.swift */ = {isa = PBXFileReference; fileEncoding = 4; lastKnownFileType = sourcecode.swift; path = LayoutProxy.swift; sourceTree = "<group>"; };
		458C6F161A438DCE0002DAC8 /* Point.swift */ = {isa = PBXFileReference; fileEncoding = 4; lastKnownFileType = sourcecode.swift; path = Point.swift; sourceTree = "<group>"; };
		458C6F171A438DCE0002DAC8 /* Priority.swift */ = {isa = PBXFileReference; fileEncoding = 4; lastKnownFileType = sourcecode.swift; path = Priority.swift; sourceTree = "<group>"; };
		458C6F181A438DCE0002DAC8 /* Property.swift */ = {isa = PBXFileReference; fileEncoding = 4; lastKnownFileType = sourcecode.swift; path = Property.swift; sourceTree = "<group>"; };
		458C6F191A438DCE0002DAC8 /* Size.swift */ = {isa = PBXFileReference; fileEncoding = 4; lastKnownFileType = sourcecode.swift; path = Size.swift; sourceTree = "<group>"; };
		458C6F1A1A438DCE0002DAC8 /* View.swift */ = {isa = PBXFileReference; fileEncoding = 4; lastKnownFileType = sourcecode.swift; path = View.swift; sourceTree = "<group>"; };
		458C6F1B1A438DCE0002DAC8 /* FormBaseObject.swift */ = {isa = PBXFileReference; fileEncoding = 4; lastKnownFileType = sourcecode.swift; path = FormBaseObject.swift; sourceTree = "<group>"; };
		458C6F1C1A438DCE0002DAC8 /* FormCell.swift */ = {isa = PBXFileReference; fileEncoding = 4; lastKnownFileType = sourcecode.swift; path = FormCell.swift; sourceTree = "<group>"; };
		458C6F1D1A438DCE0002DAC8 /* FormController.swift */ = {isa = PBXFileReference; fileEncoding = 4; lastKnownFileType = sourcecode.swift; path = FormController.swift; sourceTree = "<group>"; };
		458C6F1E1A438DCE0002DAC8 /* FormProtocolsAndTypes.swift */ = {isa = PBXFileReference; fileEncoding = 4; lastKnownFileType = sourcecode.swift; path = FormProtocolsAndTypes.swift; sourceTree = "<group>"; };
/* End PBXFileReference section */

/* Begin PBXFrameworksBuildPhase section */
		4589D4DA1A3A63AF00ABD2AB /* Frameworks */ = {
			isa = PBXFrameworksBuildPhase;
			buildActionMask = 2147483647;
			files = (
			);
			runOnlyForDeploymentPostprocessing = 0;
		};
		4589D4EF1A3A63B000ABD2AB /* Frameworks */ = {
			isa = PBXFrameworksBuildPhase;
			buildActionMask = 2147483647;
			files = (
			);
			runOnlyForDeploymentPostprocessing = 0;
		};
/* End PBXFrameworksBuildPhase section */

/* Begin PBXGroup section */
		4589D4D41A3A63AF00ABD2AB = {
			isa = PBXGroup;
			children = (
				4589D4DF1A3A63AF00ABD2AB /* FormGenerator */,
				4589D4F51A3A63B000ABD2AB /* FormGeneratorTests */,
				4589D4DE1A3A63AF00ABD2AB /* Products */,
			);
			sourceTree = "<group>";
		};
		4589D4DE1A3A63AF00ABD2AB /* Products */ = {
			isa = PBXGroup;
			children = (
				4589D4DD1A3A63AF00ABD2AB /* FormGenerator.app */,
				4589D4F21A3A63B000ABD2AB /* FormGeneratorTests.xctest */,
			);
			name = Products;
			sourceTree = "<group>";
		};
		4589D4DF1A3A63AF00ABD2AB /* FormGenerator */ = {
			isa = PBXGroup;
			children = (
				458C6F0A1A438DCE0002DAC8 /* FormGenerator */,
				4589D4E21A3A63AF00ABD2AB /* AppDelegate.swift */,
				4589D4E41A3A63AF00ABD2AB /* ViewController.swift */,
				4589D4E61A3A63AF00ABD2AB /* Main.storyboard */,
				4589D4E91A3A63AF00ABD2AB /* Images.xcassets */,
				4589D4EB1A3A63AF00ABD2AB /* LaunchScreen.xib */,
				4589D4E01A3A63AF00ABD2AB /* Supporting Files */,
			);
			path = FormGenerator;
			sourceTree = "<group>";
		};
		4589D4E01A3A63AF00ABD2AB /* Supporting Files */ = {
			isa = PBXGroup;
			children = (
				4589D4E11A3A63AF00ABD2AB /* Info.plist */,
			);
			name = "Supporting Files";
			sourceTree = "<group>";
		};
		4589D4F51A3A63B000ABD2AB /* FormGeneratorTests */ = {
			isa = PBXGroup;
			children = (
				4589D4F81A3A63B000ABD2AB /* FormGeneratorTests.swift */,
				4589D4F61A3A63B000ABD2AB /* Supporting Files */,
			);
			path = FormGeneratorTests;
			sourceTree = "<group>";
		};
		4589D4F61A3A63B000ABD2AB /* Supporting Files */ = {
			isa = PBXGroup;
			children = (
				4589D4F71A3A63B000ABD2AB /* Info.plist */,
			);
			name = "Supporting Files";
			sourceTree = "<group>";
		};
		458C6F0A1A438DCE0002DAC8 /* FormGenerator */ = {
			isa = PBXGroup;
			children = (
				458C6F0B1A438DCE0002DAC8 /* Cartography */,
				458C6F1B1A438DCE0002DAC8 /* FormBaseObject.swift */,
				458C6F1C1A438DCE0002DAC8 /* FormCell.swift */,
				458C6F1D1A438DCE0002DAC8 /* FormController.swift */,
				458C6F1E1A438DCE0002DAC8 /* FormProtocolsAndTypes.swift */,
			);
			path = FormGenerator;
			sourceTree = "<group>";
		};
		458C6F0B1A438DCE0002DAC8 /* Cartography */ = {
			isa = PBXGroup;
			children = (
				458C6F0C1A438DCE0002DAC8 /* Cartography.h */,
				458C6F0D1A438DCE0002DAC8 /* Coefficients.swift */,
				458C6F0E1A438DCE0002DAC8 /* Compound.swift */,
				458C6F0F1A438DCE0002DAC8 /* Dimension.swift */,
				458C6F101A438DCE0002DAC8 /* Edge.swift */,
				458C6F111A438DCE0002DAC8 /* Edges.swift */,
				458C6F121A438DCE0002DAC8 /* Expression.swift */,
				458C6F131A438DCE0002DAC8 /* Info.plist */,
				458C6F141A438DCE0002DAC8 /* Layout.swift */,
				458C6F151A438DCE0002DAC8 /* LayoutProxy.swift */,
				458C6F161A438DCE0002DAC8 /* Point.swift */,
				458C6F171A438DCE0002DAC8 /* Priority.swift */,
				458C6F181A438DCE0002DAC8 /* Property.swift */,
				458C6F191A438DCE0002DAC8 /* Size.swift */,
				458C6F1A1A438DCE0002DAC8 /* View.swift */,
			);
			path = Cartography;
			sourceTree = "<group>";
		};
/* End PBXGroup section */

/* Begin PBXNativeTarget section */
		4589D4DC1A3A63AF00ABD2AB /* FormGenerator */ = {
			isa = PBXNativeTarget;
			buildConfigurationList = 4589D4FC1A3A63B000ABD2AB /* Build configuration list for PBXNativeTarget "FormGenerator" */;
			buildPhases = (
				4589D4D91A3A63AF00ABD2AB /* Sources */,
				4589D4DA1A3A63AF00ABD2AB /* Frameworks */,
				4589D4DB1A3A63AF00ABD2AB /* Resources */,
			);
			buildRules = (
			);
			dependencies = (
			);
			name = FormGenerator;
			productName = FormGenerator;
			productReference = 4589D4DD1A3A63AF00ABD2AB /* FormGenerator.app */;
			productType = "com.apple.product-type.application";
		};
		4589D4F11A3A63B000ABD2AB /* FormGeneratorTests */ = {
			isa = PBXNativeTarget;
			buildConfigurationList = 4589D4FF1A3A63B000ABD2AB /* Build configuration list for PBXNativeTarget "FormGeneratorTests" */;
			buildPhases = (
				4589D4EE1A3A63B000ABD2AB /* Sources */,
				4589D4EF1A3A63B000ABD2AB /* Frameworks */,
				4589D4F01A3A63B000ABD2AB /* Resources */,
			);
			buildRules = (
			);
			dependencies = (
				4589D4F41A3A63B000ABD2AB /* PBXTargetDependency */,
			);
			name = FormGeneratorTests;
			productName = FormGeneratorTests;
			productReference = 4589D4F21A3A63B000ABD2AB /* FormGeneratorTests.xctest */;
			productType = "com.apple.product-type.bundle.unit-test";
		};
/* End PBXNativeTarget section */

/* Begin PBXProject section */
		4589D4D51A3A63AF00ABD2AB /* Project object */ = {
			isa = PBXProject;
			attributes = {
				LastUpgradeCheck = 0610;
				ORGANIZATIONNAME = f2m2;
				TargetAttributes = {
					4589D4DC1A3A63AF00ABD2AB = {
						CreatedOnToolsVersion = 6.1.1;
					};
					4589D4F11A3A63B000ABD2AB = {
						CreatedOnToolsVersion = 6.1.1;
						TestTargetID = 4589D4DC1A3A63AF00ABD2AB;
					};
				};
			};
			buildConfigurationList = 4589D4D81A3A63AF00ABD2AB /* Build configuration list for PBXProject "FormGenerator" */;
			compatibilityVersion = "Xcode 3.2";
			developmentRegion = English;
			hasScannedForEncodings = 0;
			knownRegions = (
				en,
				Base,
			);
			mainGroup = 4589D4D41A3A63AF00ABD2AB;
			productRefGroup = 4589D4DE1A3A63AF00ABD2AB /* Products */;
			projectDirPath = "";
			projectRoot = "";
			targets = (
				4589D4DC1A3A63AF00ABD2AB /* FormGenerator */,
				4589D4F11A3A63B000ABD2AB /* FormGeneratorTests */,
			);
		};
/* End PBXProject section */

/* Begin PBXResourcesBuildPhase section */
		4589D4DB1A3A63AF00ABD2AB /* Resources */ = {
			isa = PBXResourcesBuildPhase;
			buildActionMask = 2147483647;
			files = (
				458C6F251A438DCE0002DAC8 /* Info.plist in Resources */,
				4589D4E81A3A63AF00ABD2AB /* Main.storyboard in Resources */,
				4589D4ED1A3A63AF00ABD2AB /* LaunchScreen.xib in Resources */,
				4589D4EA1A3A63AF00ABD2AB /* Images.xcassets in Resources */,
			);
			runOnlyForDeploymentPostprocessing = 0;
		};
		4589D4F01A3A63B000ABD2AB /* Resources */ = {
			isa = PBXResourcesBuildPhase;
			buildActionMask = 2147483647;
			files = (
			);
			runOnlyForDeploymentPostprocessing = 0;
		};
/* End PBXResourcesBuildPhase section */

/* Begin PBXSourcesBuildPhase section */
		4589D4D91A3A63AF00ABD2AB /* Sources */ = {
			isa = PBXSourcesBuildPhase;
			buildActionMask = 2147483647;
			files = (
				4589D4E51A3A63AF00ABD2AB /* ViewController.swift in Sources */,
				4589D4E31A3A63AF00ABD2AB /* AppDelegate.swift in Sources */,
				458C6F301A438DCE0002DAC8 /* FormProtocolsAndTypes.swift in Sources */,
				458C6F2C1A438DCE0002DAC8 /* View.swift in Sources */,
				458C6F221A438DCE0002DAC8 /* Edge.swift in Sources */,
				458C6F241A438DCE0002DAC8 /* Expression.swift in Sources */,
				458C6F2D1A438DCE0002DAC8 /* FormBaseObject.swift in Sources */,
				458C6F2E1A438DCE0002DAC8 /* FormCell.swift in Sources */,
				458C6F231A438DCE0002DAC8 /* Edges.swift in Sources */,
				458C6F261A438DCE0002DAC8 /* Layout.swift in Sources */,
				458C6F2A1A438DCE0002DAC8 /* Property.swift in Sources */,
				458C6F201A438DCE0002DAC8 /* Compound.swift in Sources */,
				458C6F2B1A438DCE0002DAC8 /* Size.swift in Sources */,
				458C6F281A438DCE0002DAC8 /* Point.swift in Sources */,
				458C6F211A438DCE0002DAC8 /* Dimension.swift in Sources */,
				458C6F271A438DCE0002DAC8 /* LayoutProxy.swift in Sources */,
				458C6F2F1A438DCE0002DAC8 /* FormController.swift in Sources */,
				458C6F1F1A438DCE0002DAC8 /* Coefficients.swift in Sources */,
				458C6F291A438DCE0002DAC8 /* Priority.swift in Sources */,
			);
			runOnlyForDeploymentPostprocessing = 0;
		};
		4589D4EE1A3A63B000ABD2AB /* Sources */ = {
			isa = PBXSourcesBuildPhase;
			buildActionMask = 2147483647;
			files = (
				4589D4F91A3A63B000ABD2AB /* FormGeneratorTests.swift in Sources */,
			);
			runOnlyForDeploymentPostprocessing = 0;
		};
/* End PBXSourcesBuildPhase section */

/* Begin PBXTargetDependency section */
		4589D4F41A3A63B000ABD2AB /* PBXTargetDependency */ = {
			isa = PBXTargetDependency;
			target = 4589D4DC1A3A63AF00ABD2AB /* FormGenerator */;
			targetProxy = 4589D4F31A3A63B000ABD2AB /* PBXContainerItemProxy */;
		};
/* End PBXTargetDependency section */

/* Begin PBXVariantGroup section */
		4589D4E61A3A63AF00ABD2AB /* Main.storyboard */ = {
			isa = PBXVariantGroup;
			children = (
				4589D4E71A3A63AF00ABD2AB /* Base */,
			);
			name = Main.storyboard;
			sourceTree = "<group>";
		};
		4589D4EB1A3A63AF00ABD2AB /* LaunchScreen.xib */ = {
			isa = PBXVariantGroup;
			children = (
				4589D4EC1A3A63AF00ABD2AB /* Base */,
			);
			name = LaunchScreen.xib;
			sourceTree = "<group>";
		};
/* End PBXVariantGroup section */

/* Begin XCBuildConfiguration section */
		4589D4FA1A3A63B000ABD2AB /* Debug */ = {
			isa = XCBuildConfiguration;
			buildSettings = {
				ALWAYS_SEARCH_USER_PATHS = NO;
				CLANG_CXX_LANGUAGE_STANDARD = "gnu++0x";
				CLANG_CXX_LIBRARY = "libc++";
				CLANG_ENABLE_MODULES = YES;
				CLANG_ENABLE_OBJC_ARC = YES;
				CLANG_WARN_BOOL_CONVERSION = YES;
				CLANG_WARN_CONSTANT_CONVERSION = YES;
				CLANG_WARN_DIRECT_OBJC_ISA_USAGE = YES_ERROR;
				CLANG_WARN_EMPTY_BODY = YES;
				CLANG_WARN_ENUM_CONVERSION = YES;
				CLANG_WARN_INT_CONVERSION = YES;
				CLANG_WARN_OBJC_ROOT_CLASS = YES_ERROR;
				CLANG_WARN_UNREACHABLE_CODE = YES;
				CLANG_WARN__DUPLICATE_METHOD_MATCH = YES;
				"CODE_SIGN_IDENTITY[sdk=iphoneos*]" = "iPhone Developer";
				COPY_PHASE_STRIP = NO;
				ENABLE_STRICT_OBJC_MSGSEND = YES;
				GCC_C_LANGUAGE_STANDARD = gnu99;
				GCC_DYNAMIC_NO_PIC = NO;
				GCC_OPTIMIZATION_LEVEL = 0;
				GCC_PREPROCESSOR_DEFINITIONS = (
					"DEBUG=1",
					"$(inherited)",
				);
				GCC_SYMBOLS_PRIVATE_EXTERN = NO;
				GCC_WARN_64_TO_32_BIT_CONVERSION = YES;
				GCC_WARN_ABOUT_RETURN_TYPE = YES_ERROR;
				GCC_WARN_UNDECLARED_SELECTOR = YES;
				GCC_WARN_UNINITIALIZED_AUTOS = YES_AGGRESSIVE;
				GCC_WARN_UNUSED_FUNCTION = YES;
				GCC_WARN_UNUSED_VARIABLE = YES;
				IPHONEOS_DEPLOYMENT_TARGET = 8.1;
				MTL_ENABLE_DEBUG_INFO = YES;
				ONLY_ACTIVE_ARCH = YES;
				SDKROOT = iphoneos;
				SWIFT_OPTIMIZATION_LEVEL = "-Onone";
				TARGETED_DEVICE_FAMILY = "1,2";
			};
			name = Debug;
		};
		4589D4FB1A3A63B000ABD2AB /* Release */ = {
			isa = XCBuildConfiguration;
			buildSettings = {
				ALWAYS_SEARCH_USER_PATHS = NO;
				CLANG_CXX_LANGUAGE_STANDARD = "gnu++0x";
				CLANG_CXX_LIBRARY = "libc++";
				CLANG_ENABLE_MODULES = YES;
				CLANG_ENABLE_OBJC_ARC = YES;
				CLANG_WARN_BOOL_CONVERSION = YES;
				CLANG_WARN_CONSTANT_CONVERSION = YES;
				CLANG_WARN_DIRECT_OBJC_ISA_USAGE = YES_ERROR;
				CLANG_WARN_EMPTY_BODY = YES;
				CLANG_WARN_ENUM_CONVERSION = YES;
				CLANG_WARN_INT_CONVERSION = YES;
				CLANG_WARN_OBJC_ROOT_CLASS = YES_ERROR;
				CLANG_WARN_UNREACHABLE_CODE = YES;
				CLANG_WARN__DUPLICATE_METHOD_MATCH = YES;
				"CODE_SIGN_IDENTITY[sdk=iphoneos*]" = "iPhone Developer";
				COPY_PHASE_STRIP = YES;
				ENABLE_NS_ASSERTIONS = NO;
				ENABLE_STRICT_OBJC_MSGSEND = YES;
				GCC_C_LANGUAGE_STANDARD = gnu99;
				GCC_WARN_64_TO_32_BIT_CONVERSION = YES;
				GCC_WARN_ABOUT_RETURN_TYPE = YES_ERROR;
				GCC_WARN_UNDECLARED_SELECTOR = YES;
				GCC_WARN_UNINITIALIZED_AUTOS = YES_AGGRESSIVE;
				GCC_WARN_UNUSED_FUNCTION = YES;
				GCC_WARN_UNUSED_VARIABLE = YES;
				IPHONEOS_DEPLOYMENT_TARGET = 8.1;
				MTL_ENABLE_DEBUG_INFO = NO;
				SDKROOT = iphoneos;
				TARGETED_DEVICE_FAMILY = "1,2";
				VALIDATE_PRODUCT = YES;
			};
			name = Release;
		};
		4589D4FD1A3A63B000ABD2AB /* Debug */ = {
			isa = XCBuildConfiguration;
			buildSettings = {
				ASSETCATALOG_COMPILER_APPICON_NAME = AppIcon;
				INFOPLIST_FILE = FormGenerator/Info.plist;
				LD_RUNPATH_SEARCH_PATHS = "$(inherited) @executable_path/Frameworks";
				PRODUCT_NAME = "$(TARGET_NAME)";
			};
			name = Debug;
		};
		4589D4FE1A3A63B000ABD2AB /* Release */ = {
			isa = XCBuildConfiguration;
			buildSettings = {
				ASSETCATALOG_COMPILER_APPICON_NAME = AppIcon;
				INFOPLIST_FILE = FormGenerator/Info.plist;
				LD_RUNPATH_SEARCH_PATHS = "$(inherited) @executable_path/Frameworks";
				PRODUCT_NAME = "$(TARGET_NAME)";
			};
			name = Release;
		};
		4589D5001A3A63B000ABD2AB /* Debug */ = {
			isa = XCBuildConfiguration;
			buildSettings = {
				BUNDLE_LOADER = "$(TEST_HOST)";
				FRAMEWORK_SEARCH_PATHS = (
					"$(SDKROOT)/Developer/Library/Frameworks",
					"$(inherited)",
				);
				GCC_PREPROCESSOR_DEFINITIONS = (
					"DEBUG=1",
					"$(inherited)",
				);
				INFOPLIST_FILE = FormGeneratorTests/Info.plist;
				LD_RUNPATH_SEARCH_PATHS = "$(inherited) @executable_path/Frameworks @loader_path/Frameworks";
				PRODUCT_NAME = "$(TARGET_NAME)";
				TEST_HOST = "$(BUILT_PRODUCTS_DIR)/FormGenerator.app/FormGenerator";
			};
			name = Debug;
		};
		4589D5011A3A63B000ABD2AB /* Release */ = {
			isa = XCBuildConfiguration;
			buildSettings = {
				BUNDLE_LOADER = "$(TEST_HOST)";
				FRAMEWORK_SEARCH_PATHS = (
					"$(SDKROOT)/Developer/Library/Frameworks",
					"$(inherited)",
				);
				INFOPLIST_FILE = FormGeneratorTests/Info.plist;
				LD_RUNPATH_SEARCH_PATHS = "$(inherited) @executable_path/Frameworks @loader_path/Frameworks";
				PRODUCT_NAME = "$(TARGET_NAME)";
				TEST_HOST = "$(BUILT_PRODUCTS_DIR)/FormGenerator.app/FormGenerator";
			};
			name = Release;
		};
/* End XCBuildConfiguration section */

/* Begin XCConfigurationList section */
		4589D4D81A3A63AF00ABD2AB /* Build configuration list for PBXProject "FormGenerator" */ = {
			isa = XCConfigurationList;
			buildConfigurations = (
				4589D4FA1A3A63B000ABD2AB /* Debug */,
				4589D4FB1A3A63B000ABD2AB /* Release */,
			);
			defaultConfigurationIsVisible = 0;
			defaultConfigurationName = Release;
		};
		4589D4FC1A3A63B000ABD2AB /* Build configuration list for PBXNativeTarget "FormGenerator" */ = {
			isa = XCConfigurationList;
			buildConfigurations = (
				4589D4FD1A3A63B000ABD2AB /* Debug */,
				4589D4FE1A3A63B000ABD2AB /* Release */,
			);
			defaultConfigurationIsVisible = 0;
			defaultConfigurationName = Release;
		};
		4589D4FF1A3A63B000ABD2AB /* Build configuration list for PBXNativeTarget "FormGeneratorTests" */ = {
			isa = XCConfigurationList;
			buildConfigurations = (
				4589D5001A3A63B000ABD2AB /* Debug */,
				4589D5011A3A63B000ABD2AB /* Release */,
			);
			defaultConfigurationIsVisible = 0;
			defaultConfigurationName = Release;
		};
/* End XCConfigurationList section */
	};
	rootObject = 4589D4D51A3A63AF00ABD2AB /* Project object */;
}
